
Microsoft Visual Studio Solution File, Format Version 12.00
# Visual Studio Version 16
VisualStudioVersion = 16.0.29411.108
MinimumVisualStudioVersion = 10.0.40219.1
Project("{9A19103F-16F7-4668-BE54-9A1E7A4F7556}") = "ConsoleAppSettings", "ConsoleAppSettings\ConsoleAppSettings.csproj", "{128D78B2-323F-4D05-A91E-2FF18FB90AFB}"
EndProject
Project("{9A19103F-16F7-4668-BE54-9A1E7A4F7556}") = "OData", "OData\OData.csproj", "{16F8487E-141C-43BA-8F11-D7E75CC2EEE6}"
EndProject
Project("{9A19103F-16F7-4668-BE54-9A1E7A4F7556}") = "AADGroupAuthorization", "AADGroupAuthorization\AADGroupAuthorization.csproj", "{A477C4E8-B5C0-4C56-A96C-1E177A94BF03}"
EndProject
Project("{9A19103F-16F7-4668-BE54-9A1E7A4F7556}") = "ImageOverlay", "ImageOverlay\ImageOverlay.csproj", "{B6C36A6E-31BF-4E19-BE96-918AE5536CFE}"
EndProject
Project("{FAE04EC0-301F-11D3-BF4B-00C04F79EFBC}") = "RestSharpOauth2Authenticator", "RestSharpOauth2Authenticator\RestSharpOauth2Authenticator.csproj", "{FB48E30B-CE08-4CB7-9F88-F7E5C2758E42}"
EndProject
Global
	GlobalSection(SolutionConfigurationPlatforms) = preSolution
		Debug|Any CPU = Debug|Any CPU
		Release|Any CPU = Release|Any CPU
	EndGlobalSection
	GlobalSection(ProjectConfigurationPlatforms) = postSolution
		{128D78B2-323F-4D05-A91E-2FF18FB90AFB}.Debug|Any CPU.ActiveCfg = Debug|Any CPU
		{128D78B2-323F-4D05-A91E-2FF18FB90AFB}.Debug|Any CPU.Build.0 = Debug|Any CPU
		{128D78B2-323F-4D05-A91E-2FF18FB90AFB}.Release|Any CPU.ActiveCfg = Release|Any CPU
		{128D78B2-323F-4D05-A91E-2FF18FB90AFB}.Release|Any CPU.Build.0 = Release|Any CPU
		{16F8487E-141C-43BA-8F11-D7E75CC2EEE6}.Debug|Any CPU.ActiveCfg = Debug|Any CPU
		{16F8487E-141C-43BA-8F11-D7E75CC2EEE6}.Debug|Any CPU.Build.0 = Debug|Any CPU
		{16F8487E-141C-43BA-8F11-D7E75CC2EEE6}.Release|Any CPU.ActiveCfg = Release|Any CPU
		{16F8487E-141C-43BA-8F11-D7E75CC2EEE6}.Release|Any CPU.Build.0 = Release|Any CPU
		{A477C4E8-B5C0-4C56-A96C-1E177A94BF03}.Debug|Any CPU.ActiveCfg = Debug|Any CPU
		{A477C4E8-B5C0-4C56-A96C-1E177A94BF03}.Debug|Any CPU.Build.0 = Debug|Any CPU
		{A477C4E8-B5C0-4C56-A96C-1E177A94BF03}.Release|Any CPU.ActiveCfg = Release|Any CPU
		{A477C4E8-B5C0-4C56-A96C-1E177A94BF03}.Release|Any CPU.Build.0 = Release|Any CPU
		{B6C36A6E-31BF-4E19-BE96-918AE5536CFE}.Debug|Any CPU.ActiveCfg = Debug|Any CPU
		{B6C36A6E-31BF-4E19-BE96-918AE5536CFE}.Debug|Any CPU.Build.0 = Debug|Any CPU
		{B6C36A6E-31BF-4E19-BE96-918AE5536CFE}.Release|Any CPU.ActiveCfg = Release|Any CPU
		{B6C36A6E-31BF-4E19-BE96-918AE5536CFE}.Release|Any CPU.Build.0 = Release|Any CPU
		{FB48E30B-CE08-4CB7-9F88-F7E5C2758E42}.Debug|Any CPU.ActiveCfg = Debug|Any CPU
		{FB48E30B-CE08-4CB7-9F88-F7E5C2758E42}.Debug|Any CPU.Build.0 = Debug|Any CPU
		{FB48E30B-CE08-4CB7-9F88-F7E5C2758E42}.Release|Any CPU.ActiveCfg = Release|Any CPU
		{FB48E30B-CE08-4CB7-9F88-F7E5C2758E42}.Release|Any CPU.Build.0 = Release|Any CPU
	EndGlobalSection
	GlobalSection(SolutionProperties) = preSolution
		HideSolutionNode = FALSE
	EndGlobalSection
	GlobalSection(ExtensibilityGlobals) = postSolution
		SolutionGuid = {6CE807A5-FFBB-4A9F-82A0-6BCC99AD8CA0}
	EndGlobalSection
EndGlobal
